
Microsoft Visual Studio Solution File, Format Version 12.00
# Visual Studio Version 17
VisualStudioVersion = 17.5.33209.295
MinimumVisualStudioVersion = 10.0.40219.1
Project("{9A19103F-16F7-4668-BE54-9A1E7A4F7556}") = "Cache", "Cache\Cache.csproj", "{08C5C0BD-E8E5-43F2-993E-F4563CA11F24}"
EndProject
Project("{9A19103F-16F7-4668-BE54-9A1E7A4F7556}") = "TestConsole", "TestConsole\TestConsole.csproj", "{FC5435FA-055C-49C6-8607-E4D1FC58C440}"
EndProject
Project("{2150E333-8FDC-42A3-9474-1A3956D46DE8}") = "Solution Items", "Solution Items", "{09CDFC9E-569D-445E-9511-5023C372F78A}"
	ProjectSection(SolutionItems) = preProject
		README.md = README.md
	EndProjectSection
EndProject
Project("{9A19103F-16F7-4668-BE54-9A1E7A4F7556}") = "GlobalLifeTimeCache", "LifeTimeCache\GlobalLifeTimeCache.csproj", "{979CDE2E-42A9-4FD4-ADF6-2E4D2A3A26BB}"
EndProject
Global
	GlobalSection(SolutionConfigurationPlatforms) = preSolution
		Debug|Any CPU = Debug|Any CPU
		Release|Any CPU = Release|Any CPU
	EndGlobalSection
	GlobalSection(ProjectConfigurationPlatforms) = postSolution
		{08C5C0BD-E8E5-43F2-993E-F4563CA11F24}.Debug|Any CPU.ActiveCfg = Debug|Any CPU
		{08C5C0BD-E8E5-43F2-993E-F4563CA11F24}.Debug|Any CPU.Build.0 = Debug|Any CPU
		{08C5C0BD-E8E5-43F2-993E-F4563CA11F24}.Release|Any CPU.ActiveCfg = Release|Any CPU
		{08C5C0BD-E8E5-43F2-993E-F4563CA11F24}.Release|Any CPU.Build.0 = Release|Any CPU
		{FC5435FA-055C-49C6-8607-E4D1FC58C440}.Debug|Any CPU.ActiveCfg = Debug|Any CPU
		{FC5435FA-055C-49C6-8607-E4D1FC58C440}.Debug|Any CPU.Build.0 = Debug|Any CPU
		{FC5435FA-055C-49C6-8607-E4D1FC58C440}.Release|Any CPU.ActiveCfg = Release|Any CPU
		{FC5435FA-055C-49C6-8607-E4D1FC58C440}.Release|Any CPU.Build.0 = Release|Any CPU
		{979CDE2E-42A9-4FD4-ADF6-2E4D2A3A26BB}.Debug|Any CPU.ActiveCfg = Debug|Any CPU
		{979CDE2E-42A9-4FD4-ADF6-2E4D2A3A26BB}.Debug|Any CPU.Build.0 = Debug|Any CPU
		{979CDE2E-42A9-4FD4-ADF6-2E4D2A3A26BB}.Release|Any CPU.ActiveCfg = Release|Any CPU
		{979CDE2E-42A9-4FD4-ADF6-2E4D2A3A26BB}.Release|Any CPU.Build.0 = Release|Any CPU
	EndGlobalSection
	GlobalSection(SolutionProperties) = preSolution
		HideSolutionNode = FALSE
	EndGlobalSection
	GlobalSection(ExtensibilityGlobals) = postSolution
		SolutionGuid = {CC706AD2-2E29-4BFE-A5EB-6EC4C6AB360A}
	EndGlobalSection
EndGlobal
